// !$*UTF8*$!
{
	archiveVersion = 1;
	classes = {
	};
	objectVersion = 77;
	objects = {

/* Begin PBXBuildFile section */
		441DA2982E6547740088A688 /* CoreNetworking in Frameworks */ = {isa = PBXBuildFile; productRef = 441DA2972E6547740088A688 /* CoreNetworking */; };
		441DA29A2E6547740088A688 /* CoreUtilities in Frameworks */ = {isa = PBXBuildFile; productRef = 441DA2992E6547740088A688 /* CoreUtilities */; };
		441DA29C2E6547740088A688 /* DataProducts in Frameworks */ = {isa = PBXBuildFile; productRef = 441DA29B2E6547740088A688 /* DataProducts */; };
		441DA29E2E6547740088A688 /* DomainProducts in Frameworks */ = {isa = PBXBuildFile; productRef = 441DA29D2E6547740088A688 /* DomainProducts */; };
		441DA2A02E6547740088A688 /* FeaturesHome in Frameworks */ = {isa = PBXBuildFile; productRef = 441DA29F2E6547740088A688 /* FeaturesHome */; };
		446A297C2E8561E000CE0B3A /* CoreTheme in Frameworks */ = {isa = PBXBuildFile; productRef = 446A297B2E8561E000CE0B3A /* CoreTheme */; };
/* End PBXBuildFile section */

/* Begin PBXContainerItemProxy section */
		44B569E82E62A4C300FA0E29 /* PBXContainerItemProxy */ = {
			isa = PBXContainerItemProxy;
			containerPortal = 44B569CA2E62A4C100FA0E29 /* Project object */;
			proxyType = 1;
			remoteGlobalIDString = 44B569D12E62A4C100FA0E29;
			remoteInfo = Reeshion;
		};
		44B569F22E62A4C400FA0E29 /* PBXContainerItemProxy */ = {
			isa = PBXContainerItemProxy;
			containerPortal = 44B569CA2E62A4C100FA0E29 /* Project object */;
			proxyType = 1;
			remoteGlobalIDString = 44B569D12E62A4C100FA0E29;
			remoteInfo = Reeshion;
		};
/* End PBXContainerItemProxy section */

/* Begin PBXFileReference section */
		44B569D22E62A4C100FA0E29 /* Reeshion.app */ = {isa = PBXFileReference; explicitFileType = wrapper.application; includeInIndex = 0; path = Reeshion.app; sourceTree = BUILT_PRODUCTS_DIR; };
		44B569E72E62A4C300FA0E29 /* ReeshionTests.xctest */ = {isa = PBXFileReference; explicitFileType = wrapper.cfbundle; includeInIndex = 0; path = ReeshionTests.xctest; sourceTree = BUILT_PRODUCTS_DIR; };
		44B569F12E62A4C400FA0E29 /* ReeshionUITests.xctest */ = {isa = PBXFileReference; explicitFileType = wrapper.cfbundle; includeInIndex = 0; path = ReeshionUITests.xctest; sourceTree = BUILT_PRODUCTS_DIR; };
/* End PBXFileReference section */

/* Begin PBXFileSystemSynchronizedRootGroup section */
		44B569D42E62A4C100FA0E29 /* Reeshion */ = {
			isa = PBXFileSystemSynchronizedRootGroup;
			path = Reeshion;
			sourceTree = "<group>";
		};
		44B569EA2E62A4C300FA0E29 /* ReeshionTests */ = {
			isa = PBXFileSystemSynchronizedRootGroup;
			path = ReeshionTests;
			sourceTree = "<group>";
		};
		44B569F42E62A4C400FA0E29 /* ReeshionUITests */ = {
			isa = PBXFileSystemSynchronizedRootGroup;
			path = ReeshionUITests;
			sourceTree = "<group>";
		};
/* End PBXFileSystemSynchronizedRootGroup section */

/* Begin PBXFrameworksBuildPhase section */
		44B569CF2E62A4C100FA0E29 /* Frameworks */ = {
			isa = PBXFrameworksBuildPhase;
			buildActionMask = 2147483647;
			files = (
				441DA29C2E6547740088A688 /* DataProducts in Frameworks */,
				446A297C2E8561E000CE0B3A /* CoreTheme in Frameworks */,
				441DA29A2E6547740088A688 /* CoreUtilities in Frameworks */,
				441DA2A02E6547740088A688 /* FeaturesHome in Frameworks */,
				441DA29E2E6547740088A688 /* DomainProducts in Frameworks */,
				441DA2982E6547740088A688 /* CoreNetworking in Frameworks */,
			);
			runOnlyForDeploymentPostprocessing = 0;
		};
		44B569E42E62A4C300FA0E29 /* Frameworks */ = {
			isa = PBXFrameworksBuildPhase;
			buildActionMask = 2147483647;
			files = (
			);
			runOnlyForDeploymentPostprocessing = 0;
		};
		44B569EE2E62A4C400FA0E29 /* Frameworks */ = {
			isa = PBXFrameworksBuildPhase;
			buildActionMask = 2147483647;
			files = (
			);
			runOnlyForDeploymentPostprocessing = 0;
		};
/* End PBXFrameworksBuildPhase section */

/* Begin PBXGroup section */
		441DA2962E6547740088A688 /* Frameworks */ = {
			isa = PBXGroup;
			children = (
			);
			name = Frameworks;
			sourceTree = "<group>";
		};
		44B569C92E62A4C100FA0E29 = {
			isa = PBXGroup;
			children = (
				44B569D42E62A4C100FA0E29 /* Reeshion */,
				44B569EA2E62A4C300FA0E29 /* ReeshionTests */,
				44B569F42E62A4C400FA0E29 /* ReeshionUITests */,
				441DA2962E6547740088A688 /* Frameworks */,
				44B569D32E62A4C100FA0E29 /* Products */,
			);
			sourceTree = "<group>";
		};
		44B569D32E62A4C100FA0E29 /* Products */ = {
			isa = PBXGroup;
			children = (
				44B569D22E62A4C100FA0E29 /* Reeshion.app */,
				44B569E72E62A4C300FA0E29 /* ReeshionTests.xctest */,
				44B569F12E62A4C400FA0E29 /* ReeshionUITests.xctest */,
			);
			name = Products;
			sourceTree = "<group>";
		};
/* End PBXGroup section */

/* Begin PBXNativeTarget section */
		44B569D12E62A4C100FA0E29 /* Reeshion */ = {
			isa = PBXNativeTarget;
			buildConfigurationList = 44B569FB2E62A4C400FA0E29 /* Build configuration list for PBXNativeTarget "Reeshion" */;
			buildPhases = (
				44B569CE2E62A4C100FA0E29 /* Sources */,
				44B569CF2E62A4C100FA0E29 /* Frameworks */,
				44B569D02E62A4C100FA0E29 /* Resources */,
			);
			buildRules = (
			);
			dependencies = (
			);
			fileSystemSynchronizedGroups = (
				44B569D42E62A4C100FA0E29 /* Reeshion */,
			);
			name = Reeshion;
			packageProductDependencies = (
				441DA2972E6547740088A688 /* CoreNetworking */,
				441DA2992E6547740088A688 /* CoreUtilities */,
				441DA29B2E6547740088A688 /* DataProducts */,
				441DA29D2E6547740088A688 /* DomainProducts */,
				441DA29F2E6547740088A688 /* FeaturesHome */,
				446A297B2E8561E000CE0B3A /* CoreTheme */,
			);
			productName = Reeshion;
			productReference = 44B569D22E62A4C100FA0E29 /* Reeshion.app */;
			productType = "com.apple.product-type.application";
		};
		44B569E62E62A4C300FA0E29 /* ReeshionTests */ = {
			isa = PBXNativeTarget;
			buildConfigurationList = 44B569FE2E62A4C400FA0E29 /* Build configuration list for PBXNativeTarget "ReeshionTests" */;
			buildPhases = (
				44B569E32E62A4C300FA0E29 /* Sources */,
				44B569E42E62A4C300FA0E29 /* Frameworks */,
				44B569E52E62A4C300FA0E29 /* Resources */,
			);
			buildRules = (
			);
			dependencies = (
				44B569E92E62A4C300FA0E29 /* PBXTargetDependency */,
			);
			fileSystemSynchronizedGroups = (
				44B569EA2E62A4C300FA0E29 /* ReeshionTests */,
			);
			name = ReeshionTests;
			packageProductDependencies = (
			);
			productName = ReeshionTests;
			productReference = 44B569E72E62A4C300FA0E29 /* ReeshionTests.xctest */;
			productType = "com.apple.product-type.bundle.unit-test";
		};
		44B569F02E62A4C400FA0E29 /* ReeshionUITests */ = {
			isa = PBXNativeTarget;
			buildConfigurationList = 44B56A012E62A4C400FA0E29 /* Build configuration list for PBXNativeTarget "ReeshionUITests" */;
			buildPhases = (
				44B569ED2E62A4C400FA0E29 /* Sources */,
				44B569EE2E62A4C400FA0E29 /* Frameworks */,
				44B569EF2E62A4C400FA0E29 /* Resources */,
			);
			buildRules = (
			);
			dependencies = (
				44B569F32E62A4C400FA0E29 /* PBXTargetDependency */,
			);
			fileSystemSynchronizedGroups = (
				44B569F42E62A4C400FA0E29 /* ReeshionUITests */,
			);
			name = ReeshionUITests;
			packageProductDependencies = (
			);
			productName = ReeshionUITests;
			productReference = 44B569F12E62A4C400FA0E29 /* ReeshionUITests.xctest */;
			productType = "com.apple.product-type.bundle.ui-testing";
		};
/* End PBXNativeTarget section */

/* Begin PBXProject section */
		44B569CA2E62A4C100FA0E29 /* Project object */ = {
			isa = PBXProject;
			attributes = {
				BuildIndependentTargetsInParallel = 1;
				LastSwiftUpdateCheck = 1620;
				LastUpgradeCheck = 1620;
				TargetAttributes = {
					44B569D12E62A4C100FA0E29 = {
						CreatedOnToolsVersion = 16.2;
					};
					44B569E62E62A4C300FA0E29 = {
						CreatedOnToolsVersion = 16.2;
						TestTargetID = 44B569D12E62A4C100FA0E29;
					};
					44B569F02E62A4C400FA0E29 = {
						CreatedOnToolsVersion = 16.2;
						TestTargetID = 44B569D12E62A4C100FA0E29;
					};
				};
			};
			buildConfigurationList = 44B569CD2E62A4C100FA0E29 /* Build configuration list for PBXProject "Reeshion" */;
			developmentRegion = en;
			hasScannedForEncodings = 0;
			knownRegions = (
				en,
				Base,
			);
			mainGroup = 44B569C92E62A4C100FA0E29;
			minimizedProjectReferenceProxies = 1;
			packageReferences = (
				441DA2952E65472C0088A688 /* XCLocalSwiftPackageReference "Modules/AppModules" */,
			);
			preferredProjectObjectVersion = 77;
			productRefGroup = 44B569D32E62A4C100FA0E29 /* Products */;
			projectDirPath = "";
			projectRoot = "";
			targets = (
				44B569D12E62A4C100FA0E29 /* Reeshion */,
				44B569E62E62A4C300FA0E29 /* ReeshionTests */,
				44B569F02E62A4C400FA0E29 /* ReeshionUITests */,
			);
		};
/* End PBXProject section */

/* Begin PBXResourcesBuildPhase section */
		44B569D02E62A4C100FA0E29 /* Resources */ = {
			isa = PBXResourcesBuildPhase;
			buildActionMask = 2147483647;
			files = (
			);
			runOnlyForDeploymentPostprocessing = 0;
		};
		44B569E52E62A4C300FA0E29 /* Resources */ = {
			isa = PBXResourcesBuildPhase;
			buildActionMask = 2147483647;
			files = (
			);
			runOnlyForDeploymentPostprocessing = 0;
		};
		44B569EF2E62A4C400FA0E29 /* Resources */ = {
			isa = PBXResourcesBuildPhase;
			buildActionMask = 2147483647;
			files = (
			);
			runOnlyForDeploymentPostprocessing = 0;
		};
/* End PBXResourcesBuildPhase section */

/* Begin PBXSourcesBuildPhase section */
		44B569CE2E62A4C100FA0E29 /* Sources */ = {
			isa = PBXSourcesBuildPhase;
			buildActionMask = 2147483647;
			files = (
			);
			runOnlyForDeploymentPostprocessing = 0;
		};
		44B569E32E62A4C300FA0E29 /* Sources */ = {
			isa = PBXSourcesBuildPhase;
			buildActionMask = 2147483647;
			files = (
			);
			runOnlyForDeploymentPostprocessing = 0;
		};
		44B569ED2E62A4C400FA0E29 /* Sources */ = {
			isa = PBXSourcesBuildPhase;
			buildActionMask = 2147483647;
			files = (
			);
			runOnlyForDeploymentPostprocessing = 0;
		};
/* End PBXSourcesBuildPhase section */

/* Begin PBXTargetDependency section */
		44B569E92E62A4C300FA0E29 /* PBXTargetDependency */ = {
			isa = PBXTargetDependency;
			target = 44B569D12E62A4C100FA0E29 /* Reeshion */;
			targetProxy = 44B569E82E62A4C300FA0E29 /* PBXContainerItemProxy */;
		};
		44B569F32E62A4C400FA0E29 /* PBXTargetDependency */ = {
			isa = PBXTargetDependency;
			target = 44B569D12E62A4C100FA0E29 /* Reeshion */;
			targetProxy = 44B569F22E62A4C400FA0E29 /* PBXContainerItemProxy */;
		};
/* End PBXTargetDependency section */

/* Begin XCBuildConfiguration section */
		44B569F92E62A4C400FA0E29 /* Debug */ = {
			isa = XCBuildConfiguration;
			buildSettings = {
				ALWAYS_SEARCH_USER_PATHS = NO;
				ASSETCATALOG_COMPILER_GENERATE_SWIFT_ASSET_SYMBOL_EXTENSIONS = YES;
				CLANG_ANALYZER_NONNULL = YES;
				CLANG_ANALYZER_NUMBER_OBJECT_CONVERSION = YES_AGGRESSIVE;
				CLANG_CXX_LANGUAGE_STANDARD = "gnu++20";
				CLANG_ENABLE_MODULES = YES;
				CLANG_ENABLE_OBJC_ARC = YES;
				CLANG_ENABLE_OBJC_WEAK = YES;
				CLANG_WARN_BLOCK_CAPTURE_AUTORELEASING = YES;
				CLANG_WARN_BOOL_CONVERSION = YES;
				CLANG_WARN_COMMA = YES;
				CLANG_WARN_CONSTANT_CONVERSION = YES;
				CLANG_WARN_DEPRECATED_OBJC_IMPLEMENTATIONS = YES;
				CLANG_WARN_DIRECT_OBJC_ISA_USAGE = YES_ERROR;
				CLANG_WARN_DOCUMENTATION_COMMENTS = YES;
				CLANG_WARN_EMPTY_BODY = YES;
				CLANG_WARN_ENUM_CONVERSION = YES;
				CLANG_WARN_INFINITE_RECURSION = YES;
				CLANG_WARN_INT_CONVERSION = YES;
				CLANG_WARN_NON_LITERAL_NULL_CONVERSION = YES;
				CLANG_WARN_OBJC_IMPLICIT_RETAIN_SELF = YES;
				CLANG_WARN_OBJC_LITERAL_CONVERSION = YES;
				CLANG_WARN_OBJC_ROOT_CLASS = YES_ERROR;
				CLANG_WARN_QUOTED_INCLUDE_IN_FRAMEWORK_HEADER = YES;
				CLANG_WARN_RANGE_LOOP_ANALYSIS = YES;
				CLANG_WARN_STRICT_PROTOTYPES = YES;
				CLANG_WARN_SUSPICIOUS_MOVE = YES;
				CLANG_WARN_UNGUARDED_AVAILABILITY = YES_AGGRESSIVE;
				CLANG_WARN_UNREACHABLE_CODE = YES;
				CLANG_WARN__DUPLICATE_METHOD_MATCH = YES;
				COPY_PHASE_STRIP = NO;
				DEBUG_INFORMATION_FORMAT = dwarf;
				ENABLE_STRICT_OBJC_MSGSEND = YES;
				ENABLE_TESTABILITY = YES;
				ENABLE_USER_SCRIPT_SANDBOXING = YES;
				GCC_C_LANGUAGE_STANDARD = gnu17;
				GCC_DYNAMIC_NO_PIC = NO;
				GCC_NO_COMMON_BLOCKS = YES;
				GCC_OPTIMIZATION_LEVEL = 0;
				GCC_PREPROCESSOR_DEFINITIONS = (
					"DEBUG=1",
					"$(inherited)",
				);
				GCC_WARN_64_TO_32_BIT_CONVERSION = YES;
				GCC_WARN_ABOUT_RETURN_TYPE = YES_ERROR;
				GCC_WARN_UNDECLARED_SELECTOR = YES;
				GCC_WARN_UNINITIALIZED_AUTOS = YES_AGGRESSIVE;
				GCC_WARN_UNUSED_FUNCTION = YES;
				GCC_WARN_UNUSED_VARIABLE = YES;
				IPHONEOS_DEPLOYMENT_TARGET = 18.2;
				LOCALIZATION_PREFERS_STRING_CATALOGS = YES;
				MTL_ENABLE_DEBUG_INFO = INCLUDE_SOURCE;
				MTL_FAST_MATH = YES;
				ONLY_ACTIVE_ARCH = YES;
				SDKROOT = iphoneos;
				SWIFT_ACTIVE_COMPILATION_CONDITIONS = "DEBUG $(inherited)";
				SWIFT_OPTIMIZATION_LEVEL = "-Onone";
			};
			name = Debug;
		};
		44B569FA2E62A4C400FA0E29 /* Release */ = {
			isa = XCBuildConfiguration;
			buildSettings = {
				ALWAYS_SEARCH_USER_PATHS = NO;
				ASSETCATALOG_COMPILER_GENERATE_SWIFT_ASSET_SYMBOL_EXTENSIONS = YES;
				CLANG_ANALYZER_NONNULL = YES;
				CLANG_ANALYZER_NUMBER_OBJECT_CONVERSION = YES_AGGRESSIVE;
				CLANG_CXX_LANGUAGE_STANDARD = "gnu++20";
				CLANG_ENABLE_MODULES = YES;
				CLANG_ENABLE_OBJC_ARC = YES;
				CLANG_ENABLE_OBJC_WEAK = YES;
				CLANG_WARN_BLOCK_CAPTURE_AUTORELEASING = YES;
				CLANG_WARN_BOOL_CONVERSION = YES;
				CLANG_WARN_COMMA = YES;
				CLANG_WARN_CONSTANT_CONVERSION = YES;
				CLANG_WARN_DEPRECATED_OBJC_IMPLEMENTATIONS = YES;
				CLANG_WARN_DIRECT_OBJC_ISA_USAGE = YES_ERROR;
				CLANG_WARN_DOCUMENTATION_COMMENTS = YES;
				CLANG_WARN_EMPTY_BODY = YES;
				CLANG_WARN_ENUM_CONVERSION = YES;
				CLANG_WARN_INFINITE_RECURSION = YES;
				CLANG_WARN_INT_CONVERSION = YES;
				CLANG_WARN_NON_LITERAL_NULL_CONVERSION = YES;
				CLANG_WARN_OBJC_IMPLICIT_RETAIN_SELF = YES;
				CLANG_WARN_OBJC_LITERAL_CONVERSION = YES;
				CLANG_WARN_OBJC_ROOT_CLASS = YES_ERROR;
				CLANG_WARN_QUOTED_INCLUDE_IN_FRAMEWORK_HEADER = YES;
				CLANG_WARN_RANGE_LOOP_ANALYSIS = YES;
				CLANG_WARN_STRICT_PROTOTYPES = YES;
				CLANG_WARN_SUSPICIOUS_MOVE = YES;
				CLANG_WARN_UNGUARDED_AVAILABILITY = YES_AGGRESSIVE;
				CLANG_WARN_UNREACHABLE_CODE = YES;
				CLANG_WARN__DUPLICATE_METHOD_MATCH = YES;
				COPY_PHASE_STRIP = NO;
				DEBUG_INFORMATION_FORMAT = "dwarf-with-dsym";
				ENABLE_NS_ASSERTIONS = NO;
				ENABLE_STRICT_OBJC_MSGSEND = YES;
				ENABLE_USER_SCRIPT_SANDBOXING = YES;
				GCC_C_LANGUAGE_STANDARD = gnu17;
				GCC_NO_COMMON_BLOCKS = YES;
				GCC_WARN_64_TO_32_BIT_CONVERSION = YES;
				GCC_WARN_ABOUT_RETURN_TYPE = YES_ERROR;
				GCC_WARN_UNDECLARED_SELECTOR = YES;
				GCC_WARN_UNINITIALIZED_AUTOS = YES_AGGRESSIVE;
				GCC_WARN_UNUSED_FUNCTION = YES;
				GCC_WARN_UNUSED_VARIABLE = YES;
				IPHONEOS_DEPLOYMENT_TARGET = 18.2;
				LOCALIZATION_PREFERS_STRING_CATALOGS = YES;
				MTL_ENABLE_DEBUG_INFO = NO;
				MTL_FAST_MATH = YES;
				SDKROOT = iphoneos;
				SWIFT_COMPILATION_MODE = wholemodule;
				VALIDATE_PRODUCT = YES;
			};
			name = Release;
		};
		44B569FC2E62A4C400FA0E29 /* Debug */ = {
			isa = XCBuildConfiguration;
			buildSettings = {
				ASSETCATALOG_COMPILER_APPICON_NAME = AppIcon;
				ASSETCATALOG_COMPILER_GLOBAL_ACCENT_COLOR_NAME = AccentColor;
				CODE_SIGN_STYLE = Automatic;
				CURRENT_PROJECT_VERSION = 1;
				DEVELOPMENT_ASSET_PATHS = "\"Reeshion/Preview Content\"";
				ENABLE_PREVIEWS = YES;
				GENERATE_INFOPLIST_FILE = YES;
				INFOPLIST_KEY_UIApplicationSceneManifest_Generation = YES;
				INFOPLIST_KEY_UIApplicationSupportsIndirectInputEvents = YES;
				INFOPLIST_KEY_UILaunchScreen_Generation = YES;
				INFOPLIST_KEY_UISupportedInterfaceOrientations_iPad = "UIInterfaceOrientationPortrait UIInterfaceOrientationPortraitUpsideDown UIInterfaceOrientationLandscapeLeft UIInterfaceOrientationLandscapeRight";
				INFOPLIST_KEY_UISupportedInterfaceOrientations_iPhone = "UIInterfaceOrientationPortrait UIInterfaceOrientationLandscapeLeft UIInterfaceOrientationLandscapeRight";
				LD_RUNPATH_SEARCH_PATHS = (
					"$(inherited)",
					"@executable_path/Frameworks",
				);
				MARKETING_VERSION = 1.0;
				PRODUCT_BUNDLE_IDENTIFIER = vn.reetro.Reeshion;
				PRODUCT_NAME = "$(TARGET_NAME)";
				SWIFT_EMIT_LOC_STRINGS = YES;
				SWIFT_VERSION = 5.0;
				TARGETED_DEVICE_FAMILY = "1,2";
			};
			name = Debug;
		};
		44B569FD2E62A4C400FA0E29 /* Release */ = {
			isa = XCBuildConfiguration;
			buildSettings = {
				ASSETCATALOG_COMPILER_APPICON_NAME = AppIcon;
				ASSETCATALOG_COMPILER_GLOBAL_ACCENT_COLOR_NAME = AccentColor;
				CODE_SIGN_STYLE = Automatic;
				CURRENT_PROJECT_VERSION = 1;
				DEVELOPMENT_ASSET_PATHS = "\"Reeshion/Preview Content\"";
				ENABLE_PREVIEWS = YES;
				GENERATE_INFOPLIST_FILE = YES;
				INFOPLIST_KEY_UIApplicationSceneManifest_Generation = YES;
				INFOPLIST_KEY_UIApplicationSupportsIndirectInputEvents = YES;
				INFOPLIST_KEY_UILaunchScreen_Generation = YES;
				INFOPLIST_KEY_UISupportedInterfaceOrientations_iPad = "UIInterfaceOrientationPortrait UIInterfaceOrientationPortraitUpsideDown UIInterfaceOrientationLandscapeLeft UIInterfaceOrientationLandscapeRight";
				INFOPLIST_KEY_UISupportedInterfaceOrientations_iPhone = "UIInterfaceOrientationPortrait UIInterfaceOrientationLandscapeLeft UIInterfaceOrientationLandscapeRight";
				LD_RUNPATH_SEARCH_PATHS = (
					"$(inherited)",
					"@executable_path/Frameworks",
				);
				MARKETING_VERSION = 1.0;
				PRODUCT_BUNDLE_IDENTIFIER = vn.reetro.Reeshion;
				PRODUCT_NAME = "$(TARGET_NAME)";
				SWIFT_EMIT_LOC_STRINGS = YES;
				SWIFT_VERSION = 5.0;
				TARGETED_DEVICE_FAMILY = "1,2";
			};
			name = Release;
		};
		44B569FF2E62A4C400FA0E29 /* Debug */ = {
			isa = XCBuildConfiguration;
			buildSettings = {
				BUNDLE_LOADER = "$(TEST_HOST)";
				CODE_SIGN_STYLE = Automatic;
				CURRENT_PROJECT_VERSION = 1;
				GENERATE_INFOPLIST_FILE = YES;
				IPHONEOS_DEPLOYMENT_TARGET = 18.2;
				MARKETING_VERSION = 1.0;
				PRODUCT_BUNDLE_IDENTIFIER = vn.reetro.ReeshionTests;
				PRODUCT_NAME = "$(TARGET_NAME)";
				SWIFT_EMIT_LOC_STRINGS = NO;
				SWIFT_VERSION = 5.0;
				TARGETED_DEVICE_FAMILY = "1,2";
				TEST_HOST = "$(BUILT_PRODUCTS_DIR)/Reeshion.app/$(BUNDLE_EXECUTABLE_FOLDER_PATH)/Reeshion";
			};
			name = Debug;
		};
		44B56A002E62A4C400FA0E29 /* Release */ = {
			isa = XCBuildConfiguration;
			buildSettings = {
				BUNDLE_LOADER = "$(TEST_HOST)";
				CODE_SIGN_STYLE = Automatic;
				CURRENT_PROJECT_VERSION = 1;
				GENERATE_INFOPLIST_FILE = YES;
				IPHONEOS_DEPLOYMENT_TARGET = 18.2;
				MARKETING_VERSION = 1.0;
				PRODUCT_BUNDLE_IDENTIFIER = vn.reetro.ReeshionTests;
				PRODUCT_NAME = "$(TARGET_NAME)";
				SWIFT_EMIT_LOC_STRINGS = NO;
				SWIFT_VERSION = 5.0;
				TARGETED_DEVICE_FAMILY = "1,2";
				TEST_HOST = "$(BUILT_PRODUCTS_DIR)/Reeshion.app/$(BUNDLE_EXECUTABLE_FOLDER_PATH)/Reeshion";
			};
			name = Release;
		};
		44B56A022E62A4C400FA0E29 /* Debug */ = {
			isa = XCBuildConfiguration;
			buildSettings = {
				CODE_SIGN_STYLE = Automatic;
				CURRENT_PROJECT_VERSION = 1;
				GENERATE_INFOPLIST_FILE = YES;
				MARKETING_VERSION = 1.0;
				PRODUCT_BUNDLE_IDENTIFIER = vn.reetro.ReeshionUITests;
				PRODUCT_NAME = "$(TARGET_NAME)";
				SWIFT_EMIT_LOC_STRINGS = NO;
				SWIFT_VERSION = 5.0;
				TARGETED_DEVICE_FAMILY = "1,2";
				TEST_TARGET_NAME = Reeshion;
			};
			name = Debug;
		};
		44B56A032E62A4C400FA0E29 /* Release */ = {
			isa = XCBuildConfiguration;
			buildSettings = {
				CODE_SIGN_STYLE = Automatic;
				CURRENT_PROJECT_VERSION = 1;
				GENERATE_INFOPLIST_FILE = YES;
				MARKETING_VERSION = 1.0;
				PRODUCT_BUNDLE_IDENTIFIER = vn.reetro.ReeshionUITests;
				PRODUCT_NAME = "$(TARGET_NAME)";
				SWIFT_EMIT_LOC_STRINGS = NO;
				SWIFT_VERSION = 5.0;
				TARGETED_DEVICE_FAMILY = "1,2";
				TEST_TARGET_NAME = Reeshion;
			};
			name = Release;
		};
/* End XCBuildConfiguration section */

/* Begin XCConfigurationList section */
		44B569CD2E62A4C100FA0E29 /* Build configuration list for PBXProject "Reeshion" */ = {
			isa = XCConfigurationList;
			buildConfigurations = (
				44B569F92E62A4C400FA0E29 /* Debug */,
				44B569FA2E62A4C400FA0E29 /* Release */,
			);
			defaultConfigurationIsVisible = 0;
			defaultConfigurationName = Release;
		};
		44B569FB2E62A4C400FA0E29 /* Build configuration list for PBXNativeTarget "Reeshion" */ = {
			isa = XCConfigurationList;
			buildConfigurations = (
				44B569FC2E62A4C400FA0E29 /* Debug */,
				44B569FD2E62A4C400FA0E29 /* Release */,
			);
			defaultConfigurationIsVisible = 0;
			defaultConfigurationName = Release;
		};
		44B569FE2E62A4C400FA0E29 /* Build configuration list for PBXNativeTarget "ReeshionTests" */ = {
			isa = XCConfigurationList;
			buildConfigurations = (
				44B569FF2E62A4C400FA0E29 /* Debug */,
				44B56A002E62A4C400FA0E29 /* Release */,
			);
			defaultConfigurationIsVisible = 0;
			defaultConfigurationName = Release;
		};
		44B56A012E62A4C400FA0E29 /* Build configuration list for PBXNativeTarget "ReeshionUITests" */ = {
			isa = XCConfigurationList;
			buildConfigurations = (
				44B56A022E62A4C400FA0E29 /* Debug */,
				44B56A032E62A4C400FA0E29 /* Release */,
			);
			defaultConfigurationIsVisible = 0;
			defaultConfigurationName = Release;
		};
/* End XCConfigurationList section */

/* Begin XCLocalSwiftPackageReference section */
		441DA2952E65472C0088A688 /* XCLocalSwiftPackageReference "Modules/AppModules" */ = {
			isa = XCLocalSwiftPackageReference;
			relativePath = Modules/AppModules;
		};
/* End XCLocalSwiftPackageReference section */

/* Begin XCSwiftPackageProductDependency section */
		441DA2972E6547740088A688 /* CoreNetworking */ = {
			isa = XCSwiftPackageProductDependency;
			package = 441DA2952E65472C0088A688 /* XCLocalSwiftPackageReference "Modules/AppModules" */;
			productName = CoreNetworking;
		};
		441DA2992E6547740088A688 /* CoreUtilities */ = {
			isa = XCSwiftPackageProductDependency;
			package = 441DA2952E65472C0088A688 /* XCLocalSwiftPackageReference "Modules/AppModules" */;
			productName = CoreUtilities;
		};
		441DA29B2E6547740088A688 /* DataProducts */ = {
			isa = XCSwiftPackageProductDependency;
			package = 441DA2952E65472C0088A688 /* XCLocalSwiftPackageReference "Modules/AppModules" */;
			productName = DataProducts;
		};
		441DA29D2E6547740088A688 /* DomainProducts */ = {
			isa = XCSwiftPackageProductDependency;
			package = 441DA2952E65472C0088A688 /* XCLocalSwiftPackageReference "Modules/AppModules" */;
			productName = DomainProducts;
		};
		441DA29F2E6547740088A688 /* FeaturesHome */ = {
			isa = XCSwiftPackageProductDependency;
			package = 441DA2952E65472C0088A688 /* XCLocalSwiftPackageReference "Modules/AppModules" */;
			productName = FeaturesHome;
		};
		446A297B2E8561E000CE0B3A /* CoreTheme */ = {
			isa = XCSwiftPackageProductDependency;
			package = 441DA2952E65472C0088A688 /* XCLocalSwiftPackageReference "Modules/AppModules" */;
			productName = CoreTheme;
		};
/* End XCSwiftPackageProductDependency section */
	};
	rootObject = 44B569CA2E62A4C100FA0E29 /* Project object */;
}
